
Microsoft Visual Studio Solution File, Format Version 12.00
# Visual Studio 15
VisualStudioVersion = 15.0.28010.2041
MinimumVisualStudioVersion = 10.0.40219.1
Project("{FAE04EC0-301F-11D3-BF4B-00C04F79EFBC}") = "WebApplication1", "WebApplication1\WebApplication1.csproj", "{9C515B33-AFD0-4114-B504-F900DE1B87E7}"
EndProject
Project("{FAE04EC0-301F-11D3-BF4B-00C04F79EFBC}") = "OnlineShop", "OnlineShop\OnlineShop.csproj", "{358DCB43-B705-4A68-904E-6DFFB9265BE8}"
EndProject
Project("{FAE04EC0-301F-11D3-BF4B-00C04F79EFBC}") = "OnlineShop.Tests", "OnlineShop.Tests\OnlineShop.Tests.csproj", "{43F82CC5-6B2B-4A6B-9415-F68FED40651D}"
EndProject
Project("{FAE04EC0-301F-11D3-BF4B-00C04F79EFBC}") = "Models", "Models\Models.csproj", "{7B863510-1387-42D5-8196-37A6B33FD7AF}"
EndProject
Project("{FAE04EC0-301F-11D3-BF4B-00C04F79EFBC}") = "OnlineShop1", "OnlineShop1\OnlineShop1.csproj", "{5EBFC989-E4F8-4A19-A266-8889E624B012}"
EndProject
Project("{FAE04EC0-301F-11D3-BF4B-00C04F79EFBC}") = "Models1", "Models1\Models1.csproj", "{C501F291-F4E1-436A-B829-9D518C03E194}"
EndProject
Global
	GlobalSection(SolutionConfigurationPlatforms) = preSolution
		Debug|Any CPU = Debug|Any CPU
		Release|Any CPU = Release|Any CPU
	EndGlobalSection
	GlobalSection(ProjectConfigurationPlatforms) = postSolution
		{9C515B33-AFD0-4114-B504-F900DE1B87E7}.Debug|Any CPU.ActiveCfg = Debug|Any CPU
		{9C515B33-AFD0-4114-B504-F900DE1B87E7}.Debug|Any CPU.Build.0 = Debug|Any CPU
		{9C515B33-AFD0-4114-B504-F900DE1B87E7}.Release|Any CPU.ActiveCfg = Release|Any CPU
		{9C515B33-AFD0-4114-B504-F900DE1B87E7}.Release|Any CPU.Build.0 = Release|Any CPU
		{358DCB43-B705-4A68-904E-6DFFB9265BE8}.Debug|Any CPU.ActiveCfg = Debug|Any CPU
		{358DCB43-B705-4A68-904E-6DFFB9265BE8}.Debug|Any CPU.Build.0 = Debug|Any CPU
		{358DCB43-B705-4A68-904E-6DFFB9265BE8}.Release|Any CPU.ActiveCfg = Release|Any CPU
		{358DCB43-B705-4A68-904E-6DFFB9265BE8}.Release|Any CPU.Build.0 = Release|Any CPU
		{43F82CC5-6B2B-4A6B-9415-F68FED40651D}.Debug|Any CPU.ActiveCfg = Debug|Any CPU
		{43F82CC5-6B2B-4A6B-9415-F68FED40651D}.Debug|Any CPU.Build.0 = Debug|Any CPU
		{43F82CC5-6B2B-4A6B-9415-F68FED40651D}.Release|Any CPU.ActiveCfg = Release|Any CPU
		{43F82CC5-6B2B-4A6B-9415-F68FED40651D}.Release|Any CPU.Build.0 = Release|Any CPU
		{7B863510-1387-42D5-8196-37A6B33FD7AF}.Debug|Any CPU.ActiveCfg = Debug|Any CPU
		{7B863510-1387-42D5-8196-37A6B33FD7AF}.Debug|Any CPU.Build.0 = Debug|Any CPU
		{7B863510-1387-42D5-8196-37A6B33FD7AF}.Release|Any CPU.ActiveCfg = Release|Any CPU
		{7B863510-1387-42D5-8196-37A6B33FD7AF}.Release|Any CPU.Build.0 = Release|Any CPU
		{5EBFC989-E4F8-4A19-A266-8889E624B012}.Debug|Any CPU.ActiveCfg = Debug|Any CPU
		{5EBFC989-E4F8-4A19-A266-8889E624B012}.Debug|Any CPU.Build.0 = Debug|Any CPU
		{5EBFC989-E4F8-4A19-A266-8889E624B012}.Release|Any CPU.ActiveCfg = Release|Any CPU
		{5EBFC989-E4F8-4A19-A266-8889E624B012}.Release|Any CPU.Build.0 = Release|Any CPU
		{C501F291-F4E1-436A-B829-9D518C03E194}.Debug|Any CPU.ActiveCfg = Debug|Any CPU
		{C501F291-F4E1-436A-B829-9D518C03E194}.Debug|Any CPU.Build.0 = Debug|Any CPU
		{C501F291-F4E1-436A-B829-9D518C03E194}.Release|Any CPU.ActiveCfg = Release|Any CPU
		{C501F291-F4E1-436A-B829-9D518C03E194}.Release|Any CPU.Build.0 = Release|Any CPU
	EndGlobalSection
	GlobalSection(SolutionProperties) = preSolution
		HideSolutionNode = FALSE
	EndGlobalSection
	GlobalSection(ExtensibilityGlobals) = postSolution
		SolutionGuid = {A1D7C908-AA1B-4A52-82BC-C377612796BD}
	EndGlobalSection
EndGlobal
